
Microsoft Visual Studio Solution File, Format Version 12.00
# Visual Studio Version 17
VisualStudioVersion = 17.4.33213.308
MinimumVisualStudioVersion = 10.0.40219.1
Project("{FAE04EC0-301F-11D3-BF4B-00C04F79EFBC}") = "eTickets", "eTickets\eTickets.csproj", "{089D88B2-11D4-4648-997D-21BF726D9634}"
EndProject
Global
	GlobalSection(SolutionConfigurationPlatforms) = preSolution
		Debug|Any CPU = Debug|Any CPU
		Release|Any CPU = Release|Any CPU
	EndGlobalSection
	GlobalSection(ProjectConfigurationPlatforms) = postSolution
		{089D88B2-11D4-4648-997D-21BF726D9634}.Debug|Any CPU.ActiveCfg = Debug|Any CPU
		{089D88B2-11D4-4648-997D-21BF726D9634}.Debug|Any CPU.Build.0 = Debug|Any CPU
		{089D88B2-11D4-4648-997D-21BF726D9634}.Release|Any CPU.ActiveCfg = Release|Any CPU
		{089D88B2-11D4-4648-997D-21BF726D9634}.Release|Any CPU.Build.0 = Release|Any CPU
	EndGlobalSection
	GlobalSection(SolutionProperties) = preSolution
		HideSolutionNode = FALSE
	EndGlobalSection
	GlobalSection(ExtensibilityGlobals) = postSolution
		SolutionGuid = {68634A90-927D-4669-99B0-74184B23F3B4}
	EndGlobalSection
EndGlobal
